
Microsoft Visual Studio Solution File, Format Version 12.00
# Visual Studio 15
VisualStudioVersion = 15.0.26430.13
MinimumVisualStudioVersion = 10.0.40219.1
Project("{F184B08F-C81C-45F6-A57F-5ABD9991F28F}") = "File Renamer for eFiles", "File Renamer for eFiles\File Renamer for eFiles.vbproj", "{A050CFD7-79F3-47FE-964E-AD117C0ECD70}"
EndProject
Global
	GlobalSection(SolutionConfigurationPlatforms) = preSolution
		Debug|Any CPU = Debug|Any CPU
		Release|Any CPU = Release|Any CPU
	EndGlobalSection
	GlobalSection(ProjectConfigurationPlatforms) = postSolution
		{A050CFD7-79F3-47FE-964E-AD117C0ECD70}.Debug|Any CPU.ActiveCfg = Debug|Any CPU
		{A050CFD7-79F3-47FE-964E-AD117C0ECD70}.Debug|Any CPU.Build.0 = Debug|Any CPU
		{A050CFD7-79F3-47FE-964E-AD117C0ECD70}.Release|Any CPU.ActiveCfg = Release|Any CPU
		{A050CFD7-79F3-47FE-964E-AD117C0ECD70}.Release|Any CPU.Build.0 = Release|Any CPU
	EndGlobalSection
	GlobalSection(SolutionProperties) = preSolution
		HideSolutionNode = FALSE
	EndGlobalSection
EndGlobal
